
Microsoft Visual Studio Solution File, Format Version 12.00
# Visual Studio Version 17
VisualStudioVersion = 17.4.33103.184
MinimumVisualStudioVersion = 10.0.40219.1
Project("{9A19103F-16F7-4668-BE54-9A1E7A4F7556}") = "WbWorker", "WbWorker\WbWorker.csproj", "{4F06E08C-04A1-4D49-8704-D40F72252D69}"
EndProject
Project("{FAE04EC0-301F-11D3-BF4B-00C04F79EFBC}") = "WbWorker.Domain", "WbWorker.Domain\WbWorker.Domain.csproj", "{176A3F4C-000B-4A1C-82B9-6530082D37A9}"
EndProject
Project("{FAE04EC0-301F-11D3-BF4B-00C04F79EFBC}") = "WbWorker.Infrastructure", "WbWorker.Infrastructure\WbWorker.Infrastructure.csproj", "{8F045A65-F4CF-452E-B1A7-9B3E5F0DBC39}"
EndProject
Global
	GlobalSection(SolutionConfigurationPlatforms) = preSolution
		Debug|Any CPU = Debug|Any CPU
		Release|Any CPU = Release|Any CPU
	EndGlobalSection
	GlobalSection(ProjectConfigurationPlatforms) = postSolution
		{4F06E08C-04A1-4D49-8704-D40F72252D69}.Debug|Any CPU.ActiveCfg = Debug|Any CPU
		{4F06E08C-04A1-4D49-8704-D40F72252D69}.Debug|Any CPU.Build.0 = Debug|Any CPU
		{4F06E08C-04A1-4D49-8704-D40F72252D69}.Release|Any CPU.ActiveCfg = Release|Any CPU
		{4F06E08C-04A1-4D49-8704-D40F72252D69}.Release|Any CPU.Build.0 = Release|Any CPU
		{176A3F4C-000B-4A1C-82B9-6530082D37A9}.Debug|Any CPU.ActiveCfg = Debug|Any CPU
		{176A3F4C-000B-4A1C-82B9-6530082D37A9}.Debug|Any CPU.Build.0 = Debug|Any CPU
		{176A3F4C-000B-4A1C-82B9-6530082D37A9}.Release|Any CPU.ActiveCfg = Release|Any CPU
		{176A3F4C-000B-4A1C-82B9-6530082D37A9}.Release|Any CPU.Build.0 = Release|Any CPU
		{8F045A65-F4CF-452E-B1A7-9B3E5F0DBC39}.Debug|Any CPU.ActiveCfg = Debug|Any CPU
		{8F045A65-F4CF-452E-B1A7-9B3E5F0DBC39}.Debug|Any CPU.Build.0 = Debug|Any CPU
		{8F045A65-F4CF-452E-B1A7-9B3E5F0DBC39}.Release|Any CPU.ActiveCfg = Release|Any CPU
		{8F045A65-F4CF-452E-B1A7-9B3E5F0DBC39}.Release|Any CPU.Build.0 = Release|Any CPU
	EndGlobalSection
	GlobalSection(SolutionProperties) = preSolution
		HideSolutionNode = FALSE
	EndGlobalSection
	GlobalSection(ExtensibilityGlobals) = postSolution
		SolutionGuid = {8CEA1612-9B17-40C0-9232-0C41F2926EE9}
	EndGlobalSection
EndGlobal
